// !$*UTF8*$!
{
	archiveVersion = 1;
	classes = {
	};
	objectVersion = 50;
	objects = {

/* Begin PBXBuildFile section */
		CD0FA32B20EFB669001C50E2 /* GoogleService-Info.plist in Resources */ = {isa = PBXBuildFile; fileRef = CD0FA32A20EFB669001C50E2 /* GoogleService-Info.plist */; };
		CD0FA32D20EFB90F001C50E2 /* DataService.swift in Sources */ = {isa = PBXBuildFile; fileRef = CD0FA32C20EFB90F001C50E2 /* DataService.swift */; };
		CD0FA32F20EFC15F001C50E2 /* AuthVC.swift in Sources */ = {isa = PBXBuildFile; fileRef = CD0FA32E20EFC15F001C50E2 /* AuthVC.swift */; };
		CD0FA33120EFC16E001C50E2 /* LoginVC.swift in Sources */ = {isa = PBXBuildFile; fileRef = CD0FA33020EFC16E001C50E2 /* LoginVC.swift */; };
		CD0FA33320EFC19E001C50E2 /* Constants.swift in Sources */ = {isa = PBXBuildFile; fileRef = CD0FA33220EFC19E001C50E2 /* Constants.swift */; };
		CD0FA33520EFC1FD001C50E2 /* InSetTextField.swift in Sources */ = {isa = PBXBuildFile; fileRef = CD0FA33420EFC1FD001C50E2 /* InSetTextField.swift */; };
		CD0FA33720EFC51D001C50E2 /* ShadowView.swift in Sources */ = {isa = PBXBuildFile; fileRef = CD0FA33620EFC51D001C50E2 /* ShadowView.swift */; };
		CD0FA33920EFC732001C50E2 /* AuthService.swift in Sources */ = {isa = PBXBuildFile; fileRef = CD0FA33820EFC732001C50E2 /* AuthService.swift */; };
		CD0FA33B20EFDD99001C50E2 /* MeVC.swift in Sources */ = {isa = PBXBuildFile; fileRef = CD0FA33A20EFDD99001C50E2 /* MeVC.swift */; };
		CD0FA33D20EFE4EA001C50E2 /* CreatePostVC.swift in Sources */ = {isa = PBXBuildFile; fileRef = CD0FA33C20EFE4EA001C50E2 /* CreatePostVC.swift */; };
		CD393C1E211F72F4009A8961 /* GroupCell.swift in Sources */ = {isa = PBXBuildFile; fileRef = CD393C1D211F72F4009A8961 /* GroupCell.swift */; };
		CD393C20211F779B009A8961 /* Group.swift in Sources */ = {isa = PBXBuildFile; fileRef = CD393C1F211F779B009A8961 /* Group.swift */; };
		CD393C22211F812B009A8961 /* GroupFeedCell.swift in Sources */ = {isa = PBXBuildFile; fileRef = CD393C21211F812B009A8961 /* GroupFeedCell.swift */; };
		CD393C24211F8199009A8961 /* GroupFeedVC.swift in Sources */ = {isa = PBXBuildFile; fileRef = CD393C23211F8199009A8961 /* GroupFeedVC.swift */; };
		CD3B4BE1211542B50059573A /* UserCell.swift in Sources */ = {isa = PBXBuildFile; fileRef = CD3B4BE0211542B50059573A /* UserCell.swift */; };
		CD7E41D320F0F33B0023D79D /* UIViewExt.swift in Sources */ = {isa = PBXBuildFile; fileRef = CD7E41D220F0F33B0023D79D /* UIViewExt.swift */; };
		CD7E41D520F0F6ED0023D79D /* Message.swift in Sources */ = {isa = PBXBuildFile; fileRef = CD7E41D420F0F6ED0023D79D /* Message.swift */; };
		CD7E41D720F0FB300023D79D /* FeedCell.swift in Sources */ = {isa = PBXBuildFile; fileRef = CD7E41D620F0FB300023D79D /* FeedCell.swift */; };
		CD7E41D920F111930023D79D /* CreateGroupsVC.swift in Sources */ = {isa = PBXBuildFile; fileRef = CD7E41D820F111930023D79D /* CreateGroupsVC.swift */; };
		CDE05A3E20EE12BC007F7EFB /* AppDelegate.swift in Sources */ = {isa = PBXBuildFile; fileRef = CDE05A3D20EE12BC007F7EFB /* AppDelegate.swift */; };
		CDE05A4020EE12BC007F7EFB /* FeedVC.swift in Sources */ = {isa = PBXBuildFile; fileRef = CDE05A3F20EE12BC007F7EFB /* FeedVC.swift */; };
		CDE05A4220EE12BC007F7EFB /* GroupsVC.swift in Sources */ = {isa = PBXBuildFile; fileRef = CDE05A4120EE12BC007F7EFB /* GroupsVC.swift */; };
		CDE05A4520EE12BC007F7EFB /* Main.storyboard in Resources */ = {isa = PBXBuildFile; fileRef = CDE05A4320EE12BC007F7EFB /* Main.storyboard */; };
		CDE05A4720EE12BE007F7EFB /* Assets.xcassets in Resources */ = {isa = PBXBuildFile; fileRef = CDE05A4620EE12BE007F7EFB /* Assets.xcassets */; };
		CDE05A4A20EE12BE007F7EFB /* LaunchScreen.storyboard in Resources */ = {isa = PBXBuildFile; fileRef = CDE05A4820EE12BE007F7EFB /* LaunchScreen.storyboard */; };
		FC78B71F9EF00F1A55C28E63 /* Pods_Break_Point.framework in Frameworks */ = {isa = PBXBuildFile; fileRef = E8B936998EB7C6D16614F233 /* Pods_Break_Point.framework */; };
/* End PBXBuildFile section */

/* Begin PBXFileReference section */
		A6093B2BF8E825D496C4F86C /* Pods-Break Point.release.xcconfig */ = {isa = PBXFileReference; includeInIndex = 1; lastKnownFileType = text.xcconfig; name = "Pods-Break Point.release.xcconfig"; path = "Pods/Target Support Files/Pods-Break Point/Pods-Break Point.release.xcconfig"; sourceTree = "<group>"; };
		CD0FA32A20EFB669001C50E2 /* GoogleService-Info.plist */ = {isa = PBXFileReference; fileEncoding = 4; lastKnownFileType = text.plist.xml; path = "GoogleService-Info.plist"; sourceTree = "<group>"; };
		CD0FA32C20EFB90F001C50E2 /* DataService.swift */ = {isa = PBXFileReference; lastKnownFileType = sourcecode.swift; path = DataService.swift; sourceTree = "<group>"; };
		CD0FA32E20EFC15F001C50E2 /* AuthVC.swift */ = {isa = PBXFileReference; lastKnownFileType = sourcecode.swift; path = AuthVC.swift; sourceTree = "<group>"; };
		CD0FA33020EFC16E001C50E2 /* LoginVC.swift */ = {isa = PBXFileReference; lastKnownFileType = sourcecode.swift; path = LoginVC.swift; sourceTree = "<group>"; };
		CD0FA33220EFC19E001C50E2 /* Constants.swift */ = {isa = PBXFileReference; lastKnownFileType = sourcecode.swift; path = Constants.swift; sourceTree = "<group>"; };
		CD0FA33420EFC1FD001C50E2 /* InSetTextField.swift */ = {isa = PBXFileReference; lastKnownFileType = sourcecode.swift; path = InSetTextField.swift; sourceTree = "<group>"; };
		CD0FA33620EFC51D001C50E2 /* ShadowView.swift */ = {isa = PBXFileReference; lastKnownFileType = sourcecode.swift; path = ShadowView.swift; sourceTree = "<group>"; };
		CD0FA33820EFC732001C50E2 /* AuthService.swift */ = {isa = PBXFileReference; lastKnownFileType = sourcecode.swift; path = AuthService.swift; sourceTree = "<group>"; };
		CD0FA33A20EFDD99001C50E2 /* MeVC.swift */ = {isa = PBXFileReference; lastKnownFileType = sourcecode.swift; path = MeVC.swift; sourceTree = "<group>"; };
		CD0FA33C20EFE4EA001C50E2 /* CreatePostVC.swift */ = {isa = PBXFileReference; lastKnownFileType = sourcecode.swift; path = CreatePostVC.swift; sourceTree = "<group>"; };
		CD393C1D211F72F4009A8961 /* GroupCell.swift */ = {isa = PBXFileReference; lastKnownFileType = sourcecode.swift; path = GroupCell.swift; sourceTree = "<group>"; };
		CD393C1F211F779B009A8961 /* Group.swift */ = {isa = PBXFileReference; lastKnownFileType = sourcecode.swift; path = Group.swift; sourceTree = "<group>"; };
		CD393C21211F812B009A8961 /* GroupFeedCell.swift */ = {isa = PBXFileReference; lastKnownFileType = sourcecode.swift; path = GroupFeedCell.swift; sourceTree = "<group>"; };
		CD393C23211F8199009A8961 /* GroupFeedVC.swift */ = {isa = PBXFileReference; lastKnownFileType = sourcecode.swift; path = GroupFeedVC.swift; sourceTree = "<group>"; };
		CD3B4BE0211542B50059573A /* UserCell.swift */ = {isa = PBXFileReference; lastKnownFileType = sourcecode.swift; path = UserCell.swift; sourceTree = "<group>"; };
		CD7E41D220F0F33B0023D79D /* UIViewExt.swift */ = {isa = PBXFileReference; lastKnownFileType = sourcecode.swift; path = UIViewExt.swift; sourceTree = "<group>"; };
		CD7E41D420F0F6ED0023D79D /* Message.swift */ = {isa = PBXFileReference; lastKnownFileType = sourcecode.swift; path = Message.swift; sourceTree = "<group>"; };
		CD7E41D620F0FB300023D79D /* FeedCell.swift */ = {isa = PBXFileReference; lastKnownFileType = sourcecode.swift; path = FeedCell.swift; sourceTree = "<group>"; };
		CD7E41D820F111930023D79D /* CreateGroupsVC.swift */ = {isa = PBXFileReference; lastKnownFileType = sourcecode.swift; path = CreateGroupsVC.swift; sourceTree = "<group>"; };
		CDE05A3A20EE12BC007F7EFB /* Break Point.app */ = {isa = PBXFileReference; explicitFileType = wrapper.application; includeInIndex = 0; path = "Break Point.app"; sourceTree = BUILT_PRODUCTS_DIR; };
		CDE05A3D20EE12BC007F7EFB /* AppDelegate.swift */ = {isa = PBXFileReference; lastKnownFileType = sourcecode.swift; path = AppDelegate.swift; sourceTree = "<group>"; };
		CDE05A3F20EE12BC007F7EFB /* FeedVC.swift */ = {isa = PBXFileReference; lastKnownFileType = sourcecode.swift; path = FeedVC.swift; sourceTree = "<group>"; };
		CDE05A4120EE12BC007F7EFB /* GroupsVC.swift */ = {isa = PBXFileReference; lastKnownFileType = sourcecode.swift; path = GroupsVC.swift; sourceTree = "<group>"; };
		CDE05A4420EE12BC007F7EFB /* Base */ = {isa = PBXFileReference; lastKnownFileType = file.storyboard; name = Base; path = Base.lproj/Main.storyboard; sourceTree = "<group>"; };
		CDE05A4620EE12BE007F7EFB /* Assets.xcassets */ = {isa = PBXFileReference; lastKnownFileType = folder.assetcatalog; path = Assets.xcassets; sourceTree = "<group>"; };
		CDE05A4920EE12BE007F7EFB /* Base */ = {isa = PBXFileReference; lastKnownFileType = file.storyboard; name = Base; path = Base.lproj/LaunchScreen.storyboard; sourceTree = "<group>"; };
		CDE05A4B20EE12BE007F7EFB /* Info.plist */ = {isa = PBXFileReference; lastKnownFileType = text.plist.xml; path = Info.plist; sourceTree = "<group>"; };
		D0D4541E62AD8952FC463AAE /* Pods-Break Point.debug.xcconfig */ = {isa = PBXFileReference; includeInIndex = 1; lastKnownFileType = text.xcconfig; name = "Pods-Break Point.debug.xcconfig"; path = "Pods/Target Support Files/Pods-Break Point/Pods-Break Point.debug.xcconfig"; sourceTree = "<group>"; };
		E8B936998EB7C6D16614F233 /* Pods_Break_Point.framework */ = {isa = PBXFileReference; explicitFileType = wrapper.framework; includeInIndex = 0; path = Pods_Break_Point.framework; sourceTree = BUILT_PRODUCTS_DIR; };
/* End PBXFileReference section */

/* Begin PBXFrameworksBuildPhase section */
		CDE05A3720EE12BC007F7EFB /* Frameworks */ = {
			isa = PBXFrameworksBuildPhase;
			buildActionMask = 2147483647;
			files = (
				FC78B71F9EF00F1A55C28E63 /* Pods_Break_Point.framework in Frameworks */,
			);
			runOnlyForDeploymentPostprocessing = 0;
		};
/* End PBXFrameworksBuildPhase section */

/* Begin PBXGroup section */
		598239CF508799ED3D838A0A /* Pods */ = {
			isa = PBXGroup;
			children = (
				D0D4541E62AD8952FC463AAE /* Pods-Break Point.debug.xcconfig */,
				A6093B2BF8E825D496C4F86C /* Pods-Break Point.release.xcconfig */,
			);
			name = Pods;
			sourceTree = "<group>";
		};
		CD0FA32620EE18F3001C50E2 /* View */ = {
			isa = PBXGroup;
			children = (
				CD0FA33420EFC1FD001C50E2 /* InSetTextField.swift */,
				CD0FA33620EFC51D001C50E2 /* ShadowView.swift */,
				CD7E41D620F0FB300023D79D /* FeedCell.swift */,
				CD3B4BE0211542B50059573A /* UserCell.swift */,
				CD393C1D211F72F4009A8961 /* GroupCell.swift */,
				CD393C21211F812B009A8961 /* GroupFeedCell.swift */,
			);
			path = View;
			sourceTree = "<group>";
		};
		CD0FA32720EE1909001C50E2 /* Model */ = {
			isa = PBXGroup;
			children = (
				CD7E41D420F0F6ED0023D79D /* Message.swift */,
				CD393C1F211F779B009A8961 /* Group.swift */,
			);
			path = Model;
			sourceTree = "<group>";
		};
		CD0FA32820EE192C001C50E2 /* Extensions */ = {
			isa = PBXGroup;
			children = (
				CD7E41D220F0F33B0023D79D /* UIViewExt.swift */,
			);
			path = Extensions;
			sourceTree = "<group>";
		};
		CD0FA32920EE1945001C50E2 /* Services */ = {
			isa = PBXGroup;
			children = (
				CD0FA32C20EFB90F001C50E2 /* DataService.swift */,
				CD0FA33220EFC19E001C50E2 /* Constants.swift */,
				CD0FA33820EFC732001C50E2 /* AuthService.swift */,
			);
			path = Services;
			sourceTree = "<group>";
		};
		CDE05A3120EE12BC007F7EFB = {
			isa = PBXGroup;
			children = (
				CDE05A3C20EE12BC007F7EFB /* Break Point */,
				CDE05A3B20EE12BC007F7EFB /* Products */,
				598239CF508799ED3D838A0A /* Pods */,
				DDBC710534B1FC9E11E86F80 /* Frameworks */,
			);
			sourceTree = "<group>";
		};
		CDE05A3B20EE12BC007F7EFB /* Products */ = {
			isa = PBXGroup;
			children = (
				CDE05A3A20EE12BC007F7EFB /* Break Point.app */,
			);
			name = Products;
			sourceTree = "<group>";
		};
		CDE05A3C20EE12BC007F7EFB /* Break Point */ = {
			isa = PBXGroup;
			children = (
				CD0FA32920EE1945001C50E2 /* Services */,
				CD0FA32820EE192C001C50E2 /* Extensions */,
				CD0FA32720EE1909001C50E2 /* Model */,
				CD0FA32620EE18F3001C50E2 /* View */,
				CDE05A5120EE1302007F7EFB /* Controller */,
				CDE05A3D20EE12BC007F7EFB /* AppDelegate.swift */,
				CDE05A4320EE12BC007F7EFB /* Main.storyboard */,
				CDE05A4620EE12BE007F7EFB /* Assets.xcassets */,
				CDE05A4820EE12BE007F7EFB /* LaunchScreen.storyboard */,
				CDE05A4B20EE12BE007F7EFB /* Info.plist */,
				CD0FA32A20EFB669001C50E2 /* GoogleService-Info.plist */,
			);
			path = "Break Point";
			sourceTree = "<group>";
		};
		CDE05A5120EE1302007F7EFB /* Controller */ = {
			isa = PBXGroup;
			children = (
				CDE05A4120EE12BC007F7EFB /* GroupsVC.swift */,
				CDE05A3F20EE12BC007F7EFB /* FeedVC.swift */,
				CD0FA32E20EFC15F001C50E2 /* AuthVC.swift */,
				CD0FA33020EFC16E001C50E2 /* LoginVC.swift */,
				CD0FA33A20EFDD99001C50E2 /* MeVC.swift */,
				CD0FA33C20EFE4EA001C50E2 /* CreatePostVC.swift */,
				CD7E41D820F111930023D79D /* CreateGroupsVC.swift */,
				CD393C23211F8199009A8961 /* GroupFeedVC.swift */,
			);
			path = Controller;
			sourceTree = "<group>";
		};
		DDBC710534B1FC9E11E86F80 /* Frameworks */ = {
			isa = PBXGroup;
			children = (
				E8B936998EB7C6D16614F233 /* Pods_Break_Point.framework */,
			);
			name = Frameworks;
			sourceTree = "<group>";
		};
/* End PBXGroup section */

/* Begin PBXNativeTarget section */
		CDE05A3920EE12BC007F7EFB /* Break Point */ = {
			isa = PBXNativeTarget;
			buildConfigurationList = CDE05A4E20EE12BE007F7EFB /* Build configuration list for PBXNativeTarget "Break Point" */;
			buildPhases = (
				9A35B164751180FEA2CF67F9 /* [CP] Check Pods Manifest.lock */,
				CDE05A3620EE12BC007F7EFB /* Sources */,
				CDE05A3720EE12BC007F7EFB /* Frameworks */,
				CDE05A3820EE12BC007F7EFB /* Resources */,
				E8024BDA48228FE869D201AC /* [CP] Embed Pods Frameworks */,
			);
			buildRules = (
			);
			dependencies = (
			);
			name = "Break Point";
			productName = "Break Point";
			productReference = CDE05A3A20EE12BC007F7EFB /* Break Point.app */;
			productType = "com.apple.product-type.application";
		};
/* End PBXNativeTarget section */

/* Begin PBXProject section */
		CDE05A3220EE12BC007F7EFB /* Project object */ = {
			isa = PBXProject;
			attributes = {
				LastSwiftUpdateCheck = 0940;
				LastUpgradeCheck = 0940;
				ORGANIZATIONNAME = "Oforkanji Odekpe";
				TargetAttributes = {
					CDE05A3920EE12BC007F7EFB = {
						CreatedOnToolsVersion = 9.4.1;
					};
				};
			};
			buildConfigurationList = CDE05A3520EE12BC007F7EFB /* Build configuration list for PBXProject "Break Point" */;
			compatibilityVersion = "Xcode 9.3";
			developmentRegion = en;
			hasScannedForEncodings = 0;
			knownRegions = (
				en,
				Base,
			);
			mainGroup = CDE05A3120EE12BC007F7EFB;
			productRefGroup = CDE05A3B20EE12BC007F7EFB /* Products */;
			projectDirPath = "";
			projectRoot = "";
			targets = (
				CDE05A3920EE12BC007F7EFB /* Break Point */,
			);
		};
/* End PBXProject section */

/* Begin PBXResourcesBuildPhase section */
		CDE05A3820EE12BC007F7EFB /* Resources */ = {
			isa = PBXResourcesBuildPhase;
			buildActionMask = 2147483647;
			files = (
				CDE05A4A20EE12BE007F7EFB /* LaunchScreen.storyboard in Resources */,
				CD0FA32B20EFB669001C50E2 /* GoogleService-Info.plist in Resources */,
				CDE05A4720EE12BE007F7EFB /* Assets.xcassets in Resources */,
				CDE05A4520EE12BC007F7EFB /* Main.storyboard in Resources */,
			);
			runOnlyForDeploymentPostprocessing = 0;
		};
/* End PBXResourcesBuildPhase section */

/* Begin PBXShellScriptBuildPhase section */
		9A35B164751180FEA2CF67F9 /* [CP] Check Pods Manifest.lock */ = {
			isa = PBXShellScriptBuildPhase;
			buildActionMask = 2147483647;
			files = (
			);
			inputPaths = (
				"${PODS_PODFILE_DIR_PATH}/Podfile.lock",
				"${PODS_ROOT}/Manifest.lock",
			);
			name = "[CP] Check Pods Manifest.lock";
			outputPaths = (
				"$(DERIVED_FILE_DIR)/Pods-Break Point-checkManifestLockResult.txt",
			);
			runOnlyForDeploymentPostprocessing = 0;
			shellPath = /bin/sh;
			shellScript = "diff \"${PODS_PODFILE_DIR_PATH}/Podfile.lock\" \"${PODS_ROOT}/Manifest.lock\" > /dev/null\nif [ $? != 0 ] ; then\n    # print error to STDERR\n    echo \"error: The sandbox is not in sync with the Podfile.lock. Run 'pod install' or update your CocoaPods installation.\" >&2\n    exit 1\nfi\n# This output is used by Xcode 'outputs' to avoid re-running this script phase.\necho \"SUCCESS\" > \"${SCRIPT_OUTPUT_FILE_0}\"\n";
			showEnvVarsInLog = 0;
		};
		E8024BDA48228FE869D201AC /* [CP] Embed Pods Frameworks */ = {
			isa = PBXShellScriptBuildPhase;
			buildActionMask = 2147483647;
			files = (
			);
			inputPaths = (
				"${SRCROOT}/Pods/Target Support Files/Pods-Break Point/Pods-Break Point-frameworks.sh",
				"${BUILT_PRODUCTS_DIR}/GTMSessionFetcher/GTMSessionFetcher.framework",
				"${BUILT_PRODUCTS_DIR}/GoogleToolboxForMac/GoogleToolboxForMac.framework",
				"${BUILT_PRODUCTS_DIR}/leveldb-library/leveldb.framework",
				"${BUILT_PRODUCTS_DIR}/nanopb/nanopb.framework",
			);
			name = "[CP] Embed Pods Frameworks";
			outputPaths = (
				"${TARGET_BUILD_DIR}/${FRAMEWORKS_FOLDER_PATH}/GTMSessionFetcher.framework",
				"${TARGET_BUILD_DIR}/${FRAMEWORKS_FOLDER_PATH}/GoogleToolboxForMac.framework",
				"${TARGET_BUILD_DIR}/${FRAMEWORKS_FOLDER_PATH}/leveldb.framework",
				"${TARGET_BUILD_DIR}/${FRAMEWORKS_FOLDER_PATH}/nanopb.framework",
			);
			runOnlyForDeploymentPostprocessing = 0;
			shellPath = /bin/sh;
			shellScript = "\"${SRCROOT}/Pods/Target Support Files/Pods-Break Point/Pods-Break Point-frameworks.sh\"\n";
			showEnvVarsInLog = 0;
		};
/* End PBXShellScriptBuildPhase section */

/* Begin PBXSourcesBuildPhase section */
		CDE05A3620EE12BC007F7EFB /* Sources */ = {
			isa = PBXSourcesBuildPhase;
			buildActionMask = 2147483647;
			files = (
				CD7E41D320F0F33B0023D79D /* UIViewExt.swift in Sources */,
				CD393C24211F8199009A8961 /* GroupFeedVC.swift in Sources */,
				CD0FA33720EFC51D001C50E2 /* ShadowView.swift in Sources */,
				CD0FA32F20EFC15F001C50E2 /* AuthVC.swift in Sources */,
				CDE05A4220EE12BC007F7EFB /* GroupsVC.swift in Sources */,
				CD0FA33120EFC16E001C50E2 /* LoginVC.swift in Sources */,
				CD0FA33520EFC1FD001C50E2 /* InSetTextField.swift in Sources */,
				CD393C20211F779B009A8961 /* Group.swift in Sources */,
				CDE05A3E20EE12BC007F7EFB /* AppDelegate.swift in Sources */,
				CD0FA33320EFC19E001C50E2 /* Constants.swift in Sources */,
				CD0FA33B20EFDD99001C50E2 /* MeVC.swift in Sources */,
				CD393C1E211F72F4009A8961 /* GroupCell.swift in Sources */,
				CD0FA33D20EFE4EA001C50E2 /* CreatePostVC.swift in Sources */,
				CD3B4BE1211542B50059573A /* UserCell.swift in Sources */,
				CD0FA33920EFC732001C50E2 /* AuthService.swift in Sources */,
				CD7E41D920F111930023D79D /* CreateGroupsVC.swift in Sources */,
				CD393C22211F812B009A8961 /* GroupFeedCell.swift in Sources */,
				CD7E41D720F0FB300023D79D /* FeedCell.swift in Sources */,
				CDE05A4020EE12BC007F7EFB /* FeedVC.swift in Sources */,
				CD0FA32D20EFB90F001C50E2 /* DataService.swift in Sources */,
				CD7E41D520F0F6ED0023D79D /* Message.swift in Sources */,
			);
			runOnlyForDeploymentPostprocessing = 0;
		};
/* End PBXSourcesBuildPhase section */

/* Begin PBXVariantGroup section */
		CDE05A4320EE12BC007F7EFB /* Main.storyboard */ = {
			isa = PBXVariantGroup;
			children = (
				CDE05A4420EE12BC007F7EFB /* Base */,
			);
			name = Main.storyboard;
			sourceTree = "<group>";
		};
		CDE05A4820EE12BE007F7EFB /* LaunchScreen.storyboard */ = {
			isa = PBXVariantGroup;
			children = (
				CDE05A4920EE12BE007F7EFB /* Base */,
			);
			name = LaunchScreen.storyboard;
			sourceTree = "<group>";
		};
/* End PBXVariantGroup section */

/* Begin XCBuildConfiguration section */
		CDE05A4C20EE12BE007F7EFB /* Debug */ = {
			isa = XCBuildConfiguration;
			buildSettings = {
				ALWAYS_SEARCH_USER_PATHS = NO;
				CLANG_ANALYZER_NONNULL = YES;
				CLANG_ANALYZER_NUMBER_OBJECT_CONVERSION = YES_AGGRESSIVE;
				CLANG_CXX_LANGUAGE_STANDARD = "gnu++14";
				CLANG_CXX_LIBRARY = "libc++";
				CLANG_ENABLE_MODULES = YES;
				CLANG_ENABLE_OBJC_ARC = YES;
				CLANG_ENABLE_OBJC_WEAK = YES;
				CLANG_WARN_BLOCK_CAPTURE_AUTORELEASING = YES;
				CLANG_WARN_BOOL_CONVERSION = YES;
				CLANG_WARN_COMMA = YES;
				CLANG_WARN_CONSTANT_CONVERSION = YES;
				CLANG_WARN_DEPRECATED_OBJC_IMPLEMENTATIONS = YES;
				CLANG_WARN_DIRECT_OBJC_ISA_USAGE = YES_ERROR;
				CLANG_WARN_DOCUMENTATION_COMMENTS = YES;
				CLANG_WARN_EMPTY_BODY = YES;
				CLANG_WARN_ENUM_CONVERSION = YES;
				CLANG_WARN_INFINITE_RECURSION = YES;
				CLANG_WARN_INT_CONVERSION = YES;
				CLANG_WARN_NON_LITERAL_NULL_CONVERSION = YES;
				CLANG_WARN_OBJC_IMPLICIT_RETAIN_SELF = YES;
				CLANG_WARN_OBJC_LITERAL_CONVERSION = YES;
				CLANG_WARN_OBJC_ROOT_CLASS = YES_ERROR;
				CLANG_WARN_RANGE_LOOP_ANALYSIS = YES;
				CLANG_WARN_STRICT_PROTOTYPES = YES;
				CLANG_WARN_SUSPICIOUS_MOVE = YES;
				CLANG_WARN_UNGUARDED_AVAILABILITY = YES_AGGRESSIVE;
				CLANG_WARN_UNREACHABLE_CODE = YES;
				CLANG_WARN__DUPLICATE_METHOD_MATCH = YES;
				CODE_SIGN_IDENTITY = "iPhone Developer";
				COPY_PHASE_STRIP = NO;
				DEBUG_INFORMATION_FORMAT = dwarf;
				ENABLE_STRICT_OBJC_MSGSEND = YES;
				ENABLE_TESTABILITY = YES;
				GCC_C_LANGUAGE_STANDARD = gnu11;
				GCC_DYNAMIC_NO_PIC = NO;
				GCC_NO_COMMON_BLOCKS = YES;
				GCC_OPTIMIZATION_LEVEL = 0;
				GCC_PREPROCESSOR_DEFINITIONS = (
					"DEBUG=1",
					"$(inherited)",
				);
				GCC_WARN_64_TO_32_BIT_CONVERSION = YES;
				GCC_WARN_ABOUT_RETURN_TYPE = YES_ERROR;
				GCC_WARN_UNDECLARED_SELECTOR = YES;
				GCC_WARN_UNINITIALIZED_AUTOS = YES_AGGRESSIVE;
				GCC_WARN_UNUSED_FUNCTION = YES;
				GCC_WARN_UNUSED_VARIABLE = YES;
				IPHONEOS_DEPLOYMENT_TARGET = 11.4;
				MTL_ENABLE_DEBUG_INFO = YES;
				ONLY_ACTIVE_ARCH = YES;
				SDKROOT = iphoneos;
				SWIFT_ACTIVE_COMPILATION_CONDITIONS = DEBUG;
				SWIFT_OPTIMIZATION_LEVEL = "-Onone";
			};
			name = Debug;
		};
		CDE05A4D20EE12BE007F7EFB /* Release */ = {
			isa = XCBuildConfiguration;
			buildSettings = {
				ALWAYS_SEARCH_USER_PATHS = NO;
				CLANG_ANALYZER_NONNULL = YES;
				CLANG_ANALYZER_NUMBER_OBJECT_CONVERSION = YES_AGGRESSIVE;
				CLANG_CXX_LANGUAGE_STANDARD = "gnu++14";
				CLANG_CXX_LIBRARY = "libc++";
				CLANG_ENABLE_MODULES = YES;
				CLANG_ENABLE_OBJC_ARC = YES;
				CLANG_ENABLE_OBJC_WEAK = YES;
				CLANG_WARN_BLOCK_CAPTURE_AUTORELEASING = YES;
				CLANG_WARN_BOOL_CONVERSION = YES;
				CLANG_WARN_COMMA = YES;
				CLANG_WARN_CONSTANT_CONVERSION = YES;
				CLANG_WARN_DEPRECATED_OBJC_IMPLEMENTATIONS = YES;
				CLANG_WARN_DIRECT_OBJC_ISA_USAGE = YES_ERROR;
				CLANG_WARN_DOCUMENTATION_COMMENTS = YES;
				CLANG_WARN_EMPTY_BODY = YES;
				CLANG_WARN_ENUM_CONVERSION = YES;
				CLANG_WARN_INFINITE_RECURSION = YES;
				CLANG_WARN_INT_CONVERSION = YES;
				CLANG_WARN_NON_LITERAL_NULL_CONVERSION = YES;
				CLANG_WARN_OBJC_IMPLICIT_RETAIN_SELF = YES;
				CLANG_WARN_OBJC_LITERAL_CONVERSION = YES;
				CLANG_WARN_OBJC_ROOT_CLASS = YES_ERROR;
				CLANG_WARN_RANGE_LOOP_ANALYSIS = YES;
				CLANG_WARN_STRICT_PROTOTYPES = YES;
				CLANG_WARN_SUSPICIOUS_MOVE = YES;
				CLANG_WARN_UNGUARDED_AVAILABILITY = YES_AGGRESSIVE;
				CLANG_WARN_UNREACHABLE_CODE = YES;
				CLANG_WARN__DUPLICATE_METHOD_MATCH = YES;
				CODE_SIGN_IDENTITY = "iPhone Developer";
				COPY_PHASE_STRIP = NO;
				DEBUG_INFORMATION_FORMAT = "dwarf-with-dsym";
				ENABLE_NS_ASSERTIONS = NO;
				ENABLE_STRICT_OBJC_MSGSEND = YES;
				GCC_C_LANGUAGE_STANDARD = gnu11;
				GCC_NO_COMMON_BLOCKS = YES;
				GCC_WARN_64_TO_32_BIT_CONVERSION = YES;
				GCC_WARN_ABOUT_RETURN_TYPE = YES_ERROR;
				GCC_WARN_UNDECLARED_SELECTOR = YES;
				GCC_WARN_UNINITIALIZED_AUTOS = YES_AGGRESSIVE;
				GCC_WARN_UNUSED_FUNCTION = YES;
				GCC_WARN_UNUSED_VARIABLE = YES;
				IPHONEOS_DEPLOYMENT_TARGET = 11.4;
				MTL_ENABLE_DEBUG_INFO = NO;
				SDKROOT = iphoneos;
				SWIFT_COMPILATION_MODE = wholemodule;
				SWIFT_OPTIMIZATION_LEVEL = "-O";
				VALIDATE_PRODUCT = YES;
			};
			name = Release;
		};
		CDE05A4F20EE12BE007F7EFB /* Debug */ = {
			isa = XCBuildConfiguration;
			baseConfigurationReference = D0D4541E62AD8952FC463AAE /* Pods-Break Point.debug.xcconfig */;
			buildSettings = {
				ASSETCATALOG_COMPILER_APPICON_NAME = AppIcon;
				CODE_SIGN_STYLE = Automatic;
				DEVELOPMENT_TEAM = W87L6W32DM;
				INFOPLIST_FILE = "Break Point/Info.plist";
				LD_RUNPATH_SEARCH_PATHS = (
					"$(inherited)",
					"@executable_path/Frameworks",
				);
				PRODUCT_BUNDLE_IDENTIFIER = "com.oforkanjiodekpe.Break-Point";
				PRODUCT_NAME = "$(TARGET_NAME)";
				SWIFT_VERSION = 4.0;
				TARGETED_DEVICE_FAMILY = "1,2";
			};
			name = Debug;
		};
		CDE05A5020EE12BE007F7EFB /* Release */ = {
			isa = XCBuildConfiguration;
			baseConfigurationReference = A6093B2BF8E825D496C4F86C /* Pods-Break Point.release.xcconfig */;
			buildSettings = {
				ASSETCATALOG_COMPILER_APPICON_NAME = AppIcon;
				CODE_SIGN_STYLE = Automatic;
				DEVELOPMENT_TEAM = W87L6W32DM;
				INFOPLIST_FILE = "Break Point/Info.plist";
				LD_RUNPATH_SEARCH_PATHS = (
					"$(inherited)",
					"@executable_path/Frameworks",
				);
				PRODUCT_BUNDLE_IDENTIFIER = "com.oforkanjiodekpe.Break-Point";
				PRODUCT_NAME = "$(TARGET_NAME)";
				SWIFT_VERSION = 4.0;
				TARGETED_DEVICE_FAMILY = "1,2";
			};
			name = Release;
		};
/* End XCBuildConfiguration section */

/* Begin XCConfigurationList section */
		CDE05A3520EE12BC007F7EFB /* Build configuration list for PBXProject "Break Point" */ = {
			isa = XCConfigurationList;
			buildConfigurations = (
				CDE05A4C20EE12BE007F7EFB /* Debug */,
				CDE05A4D20EE12BE007F7EFB /* Release */,
			);
			defaultConfigurationIsVisible = 0;
			defaultConfigurationName = Release;
		};
		CDE05A4E20EE12BE007F7EFB /* Build configuration list for PBXNativeTarget "Break Point" */ = {
			isa = XCConfigurationList;
			buildConfigurations = (
				CDE05A4F20EE12BE007F7EFB /* Debug */,
				CDE05A5020EE12BE007F7EFB /* Release */,
			);
			defaultConfigurationIsVisible = 0;
			defaultConfigurationName = Release;
		};
/* End XCConfigurationList section */
	};
	rootObject = CDE05A3220EE12BC007F7EFB /* Project object */;
}
